
Microsoft Visual Studio Solution File, Format Version 12.00
# Visual Studio Version 17
VisualStudioVersion = 17.2.32526.322
MinimumVisualStudioVersion = 10.0.40219.1
Project("{9A19103F-16F7-4668-BE54-9A1E7A4F7556}") = "Formularios", "GPA\Formularios.csproj", "{CCF7FB3F-2311-401E-A337-ACC62002979F}"
EndProject
Project("{9A19103F-16F7-4668-BE54-9A1E7A4F7556}") = "Banco de Dados", "Banco de Dados\Banco de Dados.csproj", "{866DD814-72EA-47DC-B1AD-7925E941332B}"
EndProject
Project("{9A19103F-16F7-4668-BE54-9A1E7A4F7556}") = "Camada Negocios", "Camada Negocios\Camada Negocios.csproj", "{279CBF07-2BA3-4D91-958A-7E47B1DE96AF}"
EndProject
Project("{FAE04EC0-301F-11D3-BF4B-00C04F79EFBC}") = "Relatorios", "Relatorios\Relatorios.csproj", "{3BD4E744-4C27-4E89-857A-9B09FA9C42ED}"
EndProject
Global
	GlobalSection(SolutionConfigurationPlatforms) = preSolution
		Debug|Any CPU = Debug|Any CPU
		Release|Any CPU = Release|Any CPU
	EndGlobalSection
	GlobalSection(ProjectConfigurationPlatforms) = postSolution
		{CCF7FB3F-2311-401E-A337-ACC62002979F}.Debug|Any CPU.ActiveCfg = Debug|Any CPU
		{CCF7FB3F-2311-401E-A337-ACC62002979F}.Debug|Any CPU.Build.0 = Debug|Any CPU
		{CCF7FB3F-2311-401E-A337-ACC62002979F}.Release|Any CPU.ActiveCfg = Release|Any CPU
		{CCF7FB3F-2311-401E-A337-ACC62002979F}.Release|Any CPU.Build.0 = Release|Any CPU
		{866DD814-72EA-47DC-B1AD-7925E941332B}.Debug|Any CPU.ActiveCfg = Debug|Any CPU
		{866DD814-72EA-47DC-B1AD-7925E941332B}.Debug|Any CPU.Build.0 = Debug|Any CPU
		{866DD814-72EA-47DC-B1AD-7925E941332B}.Release|Any CPU.ActiveCfg = Release|Any CPU
		{866DD814-72EA-47DC-B1AD-7925E941332B}.Release|Any CPU.Build.0 = Release|Any CPU
		{279CBF07-2BA3-4D91-958A-7E47B1DE96AF}.Debug|Any CPU.ActiveCfg = Debug|Any CPU
		{279CBF07-2BA3-4D91-958A-7E47B1DE96AF}.Debug|Any CPU.Build.0 = Debug|Any CPU
		{279CBF07-2BA3-4D91-958A-7E47B1DE96AF}.Release|Any CPU.ActiveCfg = Release|Any CPU
		{279CBF07-2BA3-4D91-958A-7E47B1DE96AF}.Release|Any CPU.Build.0 = Release|Any CPU
		{3BD4E744-4C27-4E89-857A-9B09FA9C42ED}.Debug|Any CPU.ActiveCfg = Debug|Any CPU
		{3BD4E744-4C27-4E89-857A-9B09FA9C42ED}.Debug|Any CPU.Build.0 = Debug|Any CPU
		{3BD4E744-4C27-4E89-857A-9B09FA9C42ED}.Release|Any CPU.ActiveCfg = Release|Any CPU
		{3BD4E744-4C27-4E89-857A-9B09FA9C42ED}.Release|Any CPU.Build.0 = Release|Any CPU
	EndGlobalSection
	GlobalSection(SolutionProperties) = preSolution
		HideSolutionNode = FALSE
	EndGlobalSection
	GlobalSection(ExtensibilityGlobals) = postSolution
		SolutionGuid = {3B082ADB-8719-4BFC-8170-DED127AB36A4}
	EndGlobalSection
EndGlobal
